
Microsoft Visual Studio Solution File, Format Version 12.00
# Visual Studio Version 17
VisualStudioVersion = 17.0.31903.59
MinimumVisualStudioVersion = 10.0.40219.1
Project("{FAE04EC0-301F-11D3-BF4B-00C04F79EFBC}") = "GameServer", "GameServer\GameServer.csproj", "{07090E61-1F4B-431E-9548-9B9BA58515CF}"
EndProject
Project("{FAE04EC0-301F-11D3-BF4B-00C04F79EFBC}") = "GameClient", "GameClient\GameClient.csproj", "{F918C0FF-B958-489B-8E8F-294CA562744B}"
EndProject
Global
	GlobalSection(SolutionConfigurationPlatforms) = preSolution
		Debug|Any CPU = Debug|Any CPU
		Debug|x64 = Debug|x64
		Debug|x86 = Debug|x86
		Release|Any CPU = Release|Any CPU
		Release|x64 = Release|x64
		Release|x86 = Release|x86
	EndGlobalSection
	GlobalSection(ProjectConfigurationPlatforms) = postSolution
		{07090E61-1F4B-431E-9548-9B9BA58515CF}.Debug|Any CPU.ActiveCfg = Debug|Any CPU
		{07090E61-1F4B-431E-9548-9B9BA58515CF}.Debug|Any CPU.Build.0 = Debug|Any CPU
		{07090E61-1F4B-431E-9548-9B9BA58515CF}.Debug|x64.ActiveCfg = Debug|Any CPU
		{07090E61-1F4B-431E-9548-9B9BA58515CF}.Debug|x64.Build.0 = Debug|Any CPU
		{07090E61-1F4B-431E-9548-9B9BA58515CF}.Debug|x86.ActiveCfg = Debug|Any CPU
		{07090E61-1F4B-431E-9548-9B9BA58515CF}.Debug|x86.Build.0 = Debug|Any CPU
		{07090E61-1F4B-431E-9548-9B9BA58515CF}.Release|Any CPU.ActiveCfg = Release|Any CPU
		{07090E61-1F4B-431E-9548-9B9BA58515CF}.Release|Any CPU.Build.0 = Release|Any CPU
		{07090E61-1F4B-431E-9548-9B9BA58515CF}.Release|x64.ActiveCfg = Release|Any CPU
		{07090E61-1F4B-431E-9548-9B9BA58515CF}.Release|x64.Build.0 = Release|Any CPU
		{07090E61-1F4B-431E-9548-9B9BA58515CF}.Release|x86.ActiveCfg = Release|Any CPU
		{07090E61-1F4B-431E-9548-9B9BA58515CF}.Release|x86.Build.0 = Release|Any CPU
		{F918C0FF-B958-489B-8E8F-294CA562744B}.Debug|Any CPU.ActiveCfg = Debug|Any CPU
		{F918C0FF-B958-489B-8E8F-294CA562744B}.Debug|Any CPU.Build.0 = Debug|Any CPU
		{F918C0FF-B958-489B-8E8F-294CA562744B}.Debug|x64.ActiveCfg = Debug|Any CPU
		{F918C0FF-B958-489B-8E8F-294CA562744B}.Debug|x64.Build.0 = Debug|Any CPU
		{F918C0FF-B958-489B-8E8F-294CA562744B}.Debug|x86.ActiveCfg = Debug|Any CPU
		{F918C0FF-B958-489B-8E8F-294CA562744B}.Debug|x86.Build.0 = Debug|Any CPU
		{F918C0FF-B958-489B-8E8F-294CA562744B}.Release|Any CPU.ActiveCfg = Release|Any CPU
		{F918C0FF-B958-489B-8E8F-294CA562744B}.Release|Any CPU.Build.0 = Release|Any CPU
		{F918C0FF-B958-489B-8E8F-294CA562744B}.Release|x64.ActiveCfg = Release|Any CPU
		{F918C0FF-B958-489B-8E8F-294CA562744B}.Release|x64.Build.0 = Release|Any CPU
		{F918C0FF-B958-489B-8E8F-294CA562744B}.Release|x86.ActiveCfg = Release|Any CPU
		{F918C0FF-B958-489B-8E8F-294CA562744B}.Release|x86.Build.0 = Release|Any CPU
	EndGlobalSection
	GlobalSection(SolutionProperties) = preSolution
		HideSolutionNode = FALSE
	EndGlobalSection
EndGlobal
